
Microsoft Visual Studio Solution File, Format Version 12.00
# Visual Studio Version 16
VisualStudioVersion = 16.0.28705.295
MinimumVisualStudioVersion = 10.0.40219.1
Project("{9A19103F-16F7-4668-BE54-9A1E7A4F7556}") = "PariService", "PariService\PariService.csproj", "{B107A6C2-E743-4B2C-BB75-2A900257428D}"
EndProject
Project("{2150E333-8FDC-42A3-9474-1A3956D46DE8}") = "QueryLambdas", "QueryLambdas", "{2559BB6D-750C-43BC-B7C4-E196CDC00B3B}"
EndProject
Project("{9A19103F-16F7-4668-BE54-9A1E7A4F7556}") = "PariMan.Lambda.GetList", "PariMan.Lambda.GetList\PariMan.Lambda.GetList.csproj", "{4DAE9860-E9A8-4224-B059-1D08AEF52B1B}"
EndProject
Project("{2150E333-8FDC-42A3-9474-1A3956D46DE8}") = "Tests", "Tests", "{DE5E0E9C-C241-4ED0-AE28-BF19879B93E4}"
EndProject
Project("{9A19103F-16F7-4668-BE54-9A1E7A4F7556}") = "PariMan.Lambda.GetList.Tests", "PariMan.Lambda.GetList.Tests\PariMan.Lambda.GetList.Tests.csproj", "{F0136E73-A310-4DE3-9CAF-0EF9A408A562}"
EndProject
Project("{9A19103F-16F7-4668-BE54-9A1E7A4F7556}") = "PariMan.Lambda.GetPari", "PariMan.Lambda.GetPari\PariMan.Lambda.GetPari.csproj", "{B30F9276-2CB6-4342-A41B-DFF5939B7C03}"
EndProject
Project("{9A19103F-16F7-4668-BE54-9A1E7A4F7556}") = "PariMan.Lambda.GetPari.Tests", "PariMan.Lambda.GetPari.Tests\PariMan.Lambda.GetPari.Tests.csproj", "{EB98A5A4-0BC2-4D44-8E64-78929BBA89BA}"
EndProject
Project("{2150E333-8FDC-42A3-9474-1A3956D46DE8}") = "CommandLambdas", "CommandLambdas", "{9C0D9F98-B66A-428B-A43A-4C28E412D410}"
EndProject
Project("{9A19103F-16F7-4668-BE54-9A1E7A4F7556}") = "PariMan.Lambda.ExecuteCommand", "PariMan.Lambda.ExecuteCommand\PariMan.Lambda.ExecuteCommand.csproj", "{AE794E0F-B62F-4708-A6DD-1EB15692BF7D}"
EndProject
Global
	GlobalSection(SolutionConfigurationPlatforms) = preSolution
		Debug|Any CPU = Debug|Any CPU
		Release|Any CPU = Release|Any CPU
	EndGlobalSection
	GlobalSection(ProjectConfigurationPlatforms) = postSolution
		{B107A6C2-E743-4B2C-BB75-2A900257428D}.Debug|Any CPU.ActiveCfg = Debug|Any CPU
		{B107A6C2-E743-4B2C-BB75-2A900257428D}.Debug|Any CPU.Build.0 = Debug|Any CPU
		{B107A6C2-E743-4B2C-BB75-2A900257428D}.Release|Any CPU.ActiveCfg = Release|Any CPU
		{B107A6C2-E743-4B2C-BB75-2A900257428D}.Release|Any CPU.Build.0 = Release|Any CPU
		{4DAE9860-E9A8-4224-B059-1D08AEF52B1B}.Debug|Any CPU.ActiveCfg = Debug|Any CPU
		{4DAE9860-E9A8-4224-B059-1D08AEF52B1B}.Debug|Any CPU.Build.0 = Debug|Any CPU
		{4DAE9860-E9A8-4224-B059-1D08AEF52B1B}.Release|Any CPU.ActiveCfg = Release|Any CPU
		{4DAE9860-E9A8-4224-B059-1D08AEF52B1B}.Release|Any CPU.Build.0 = Release|Any CPU
		{F0136E73-A310-4DE3-9CAF-0EF9A408A562}.Debug|Any CPU.ActiveCfg = Debug|Any CPU
		{F0136E73-A310-4DE3-9CAF-0EF9A408A562}.Debug|Any CPU.Build.0 = Debug|Any CPU
		{F0136E73-A310-4DE3-9CAF-0EF9A408A562}.Release|Any CPU.ActiveCfg = Release|Any CPU
		{F0136E73-A310-4DE3-9CAF-0EF9A408A562}.Release|Any CPU.Build.0 = Release|Any CPU
		{B30F9276-2CB6-4342-A41B-DFF5939B7C03}.Debug|Any CPU.ActiveCfg = Debug|Any CPU
		{B30F9276-2CB6-4342-A41B-DFF5939B7C03}.Debug|Any CPU.Build.0 = Debug|Any CPU
		{B30F9276-2CB6-4342-A41B-DFF5939B7C03}.Release|Any CPU.ActiveCfg = Release|Any CPU
		{B30F9276-2CB6-4342-A41B-DFF5939B7C03}.Release|Any CPU.Build.0 = Release|Any CPU
		{EB98A5A4-0BC2-4D44-8E64-78929BBA89BA}.Debug|Any CPU.ActiveCfg = Debug|Any CPU
		{EB98A5A4-0BC2-4D44-8E64-78929BBA89BA}.Debug|Any CPU.Build.0 = Debug|Any CPU
		{EB98A5A4-0BC2-4D44-8E64-78929BBA89BA}.Release|Any CPU.ActiveCfg = Release|Any CPU
		{EB98A5A4-0BC2-4D44-8E64-78929BBA89BA}.Release|Any CPU.Build.0 = Release|Any CPU
		{AE794E0F-B62F-4708-A6DD-1EB15692BF7D}.Debug|Any CPU.ActiveCfg = Debug|Any CPU
		{AE794E0F-B62F-4708-A6DD-1EB15692BF7D}.Debug|Any CPU.Build.0 = Debug|Any CPU
		{AE794E0F-B62F-4708-A6DD-1EB15692BF7D}.Release|Any CPU.ActiveCfg = Release|Any CPU
		{AE794E0F-B62F-4708-A6DD-1EB15692BF7D}.Release|Any CPU.Build.0 = Release|Any CPU
	EndGlobalSection
	GlobalSection(SolutionProperties) = preSolution
		HideSolutionNode = FALSE
	EndGlobalSection
	GlobalSection(NestedProjects) = preSolution
		{4DAE9860-E9A8-4224-B059-1D08AEF52B1B} = {2559BB6D-750C-43BC-B7C4-E196CDC00B3B}
		{F0136E73-A310-4DE3-9CAF-0EF9A408A562} = {DE5E0E9C-C241-4ED0-AE28-BF19879B93E4}
		{B30F9276-2CB6-4342-A41B-DFF5939B7C03} = {2559BB6D-750C-43BC-B7C4-E196CDC00B3B}
		{EB98A5A4-0BC2-4D44-8E64-78929BBA89BA} = {DE5E0E9C-C241-4ED0-AE28-BF19879B93E4}
		{AE794E0F-B62F-4708-A6DD-1EB15692BF7D} = {9C0D9F98-B66A-428B-A43A-4C28E412D410}
	EndGlobalSection
	GlobalSection(ExtensibilityGlobals) = postSolution
		SolutionGuid = {28B773ED-1B51-494D-99C2-BAFBE00B7916}
	EndGlobalSection
EndGlobal
